
Microsoft Visual Studio Solution File, Format Version 12.00
# Visual Studio Version 17
VisualStudioVersion = 17.1.32210.238
MinimumVisualStudioVersion = 10.0.40219.1
Project("{9A19103F-16F7-4668-BE54-9A1E7A4F7556}") = "Task3.Console", "Task3.CRUD\Task3.Console.csproj", "{3A810BBE-9D56-4AA2-BA97-024F7A773D88}"
EndProject
Project("{9A19103F-16F7-4668-BE54-9A1E7A4F7556}") = "Task3.Model", "Task3.Model\Task3.Model.csproj", "{BBBC1BFB-25E1-46D6-8CB3-B13E63054F7F}"
EndProject
Project("{9A19103F-16F7-4668-BE54-9A1E7A4F7556}") = "Task3.Repository", "Task3.Repository\Task3.Repository.csproj", "{17FE0989-93B4-40E9-B78B-311B3A8E7D06}"
EndProject
Project("{FAE04EC0-301F-11D3-BF4B-00C04F79EFBC}") = "Task3.Domain", "Task3.Domain\Task3.Domain.csproj", "{5A5C3A6D-5FE3-407B-B957-275683E41C7D}"
EndProject
Global
	GlobalSection(SolutionConfigurationPlatforms) = preSolution
		Debug|Any CPU = Debug|Any CPU
		Release|Any CPU = Release|Any CPU
	EndGlobalSection
	GlobalSection(ProjectConfigurationPlatforms) = postSolution
		{3A810BBE-9D56-4AA2-BA97-024F7A773D88}.Debug|Any CPU.ActiveCfg = Debug|Any CPU
		{3A810BBE-9D56-4AA2-BA97-024F7A773D88}.Debug|Any CPU.Build.0 = Debug|Any CPU
		{3A810BBE-9D56-4AA2-BA97-024F7A773D88}.Release|Any CPU.ActiveCfg = Release|Any CPU
		{3A810BBE-9D56-4AA2-BA97-024F7A773D88}.Release|Any CPU.Build.0 = Release|Any CPU
		{BBBC1BFB-25E1-46D6-8CB3-B13E63054F7F}.Debug|Any CPU.ActiveCfg = Debug|Any CPU
		{BBBC1BFB-25E1-46D6-8CB3-B13E63054F7F}.Debug|Any CPU.Build.0 = Debug|Any CPU
		{BBBC1BFB-25E1-46D6-8CB3-B13E63054F7F}.Release|Any CPU.ActiveCfg = Release|Any CPU
		{BBBC1BFB-25E1-46D6-8CB3-B13E63054F7F}.Release|Any CPU.Build.0 = Release|Any CPU
		{17FE0989-93B4-40E9-B78B-311B3A8E7D06}.Debug|Any CPU.ActiveCfg = Debug|Any CPU
		{17FE0989-93B4-40E9-B78B-311B3A8E7D06}.Debug|Any CPU.Build.0 = Debug|Any CPU
		{17FE0989-93B4-40E9-B78B-311B3A8E7D06}.Release|Any CPU.ActiveCfg = Release|Any CPU
		{17FE0989-93B4-40E9-B78B-311B3A8E7D06}.Release|Any CPU.Build.0 = Release|Any CPU
		{5A5C3A6D-5FE3-407B-B957-275683E41C7D}.Debug|Any CPU.ActiveCfg = Debug|Any CPU
		{5A5C3A6D-5FE3-407B-B957-275683E41C7D}.Debug|Any CPU.Build.0 = Debug|Any CPU
		{5A5C3A6D-5FE3-407B-B957-275683E41C7D}.Release|Any CPU.ActiveCfg = Release|Any CPU
		{5A5C3A6D-5FE3-407B-B957-275683E41C7D}.Release|Any CPU.Build.0 = Release|Any CPU
	EndGlobalSection
	GlobalSection(SolutionProperties) = preSolution
		HideSolutionNode = FALSE
	EndGlobalSection
	GlobalSection(ExtensibilityGlobals) = postSolution
		SolutionGuid = {BB146496-F470-4B21-A340-79AB8A9D3801}
	EndGlobalSection
EndGlobal
